github.com/fourcorelabs/wintoken v1.0.0 h1:dskUYLAFHNy1cbS5MXsNFXauQzxieTrZlffQZ0Yu19I=
github.com/fourcorelabs/wintoken v1.0.0/go.mod h1:jKyXHt079W09KwEMbUC9g+R2KDs5kVvSKPUiF5p0ejs=
golang.org/x/sys v0.16.0 h1:xWw16ngr6ZMtmxDyKyIgsE93KNKz5HKmMa3b8ALHidU=
golang.org/x/sys v0.16.0/go.mod h1:/VUhepiaJMQUp4+oa/7Zr1D23ma6VTLIYjOOTFZPUcA=
